
Microsoft Visual Studio Solution File, Format Version 12.00
# Visual Studio Version 16
VisualStudioVersion = 16.0.29409.12
MinimumVisualStudioVersion = 10.0.40219.1
Project("{FAE04EC0-301F-11D3-BF4B-00C04F79EFBC}") = "Jimmy1", "Jimmy1.csproj", "{072DF1E9-2A39-4C4B-9F2B-3937EF2232FC}"
EndProject
Global
	GlobalSection(SolutionConfigurationPlatforms) = preSolution
		Debug|Any CPU = Debug|Any CPU
		Release|Any CPU = Release|Any CPU
	EndGlobalSection
	GlobalSection(ProjectConfigurationPlatforms) = postSolution
		{072DF1E9-2A39-4C4B-9F2B-3937EF2232FC}.Debug|Any CPU.ActiveCfg = Debug|Any CPU
		{072DF1E9-2A39-4C4B-9F2B-3937EF2232FC}.Debug|Any CPU.Build.0 = Debug|Any CPU
		{072DF1E9-2A39-4C4B-9F2B-3937EF2232FC}.Release|Any CPU.ActiveCfg = Release|Any CPU
		{072DF1E9-2A39-4C4B-9F2B-3937EF2232FC}.Release|Any CPU.Build.0 = Release|Any CPU
	EndGlobalSection
	GlobalSection(SolutionProperties) = preSolution
		HideSolutionNode = FALSE
	EndGlobalSection
	GlobalSection(ExtensibilityGlobals) = postSolution
		SolutionGuid = {F9E60C63-1BAE-4758-9040-93672B3AEAF3}
	EndGlobalSection
EndGlobal
